
Microsoft Visual Studio Solution File, Format Version 12.00
# Visual Studio Version 17
VisualStudioVersion = 17.0.32112.339
MinimumVisualStudioVersion = 10.0.40219.1
Project("{FAE04EC0-301F-11D3-BF4B-00C04F79EFBC}") = "TestLogOnFunction", "TestLogOnFunction\TestLogOnFunction.csproj", "{18D200A4-A096-45CC-8567-C5AF6DF9FE91}"
EndProject
Global
	GlobalSection(SolutionConfigurationPlatforms) = preSolution
		Debug|Any CPU = Debug|Any CPU
		Release|Any CPU = Release|Any CPU
	EndGlobalSection
	GlobalSection(ProjectConfigurationPlatforms) = postSolution
		{18D200A4-A096-45CC-8567-C5AF6DF9FE91}.Debug|Any CPU.ActiveCfg = Debug|Any CPU
		{18D200A4-A096-45CC-8567-C5AF6DF9FE91}.Debug|Any CPU.Build.0 = Debug|Any CPU
		{18D200A4-A096-45CC-8567-C5AF6DF9FE91}.Release|Any CPU.ActiveCfg = Release|Any CPU
		{18D200A4-A096-45CC-8567-C5AF6DF9FE91}.Release|Any CPU.Build.0 = Release|Any CPU
	EndGlobalSection
	GlobalSection(SolutionProperties) = preSolution
		HideSolutionNode = FALSE
	EndGlobalSection
	GlobalSection(ExtensibilityGlobals) = postSolution
		SolutionGuid = {D8DF5AAC-CEE9-43C6-BE18-F4EA85329BBF}
	EndGlobalSection
EndGlobal
